
Microsoft Visual Studio Solution File, Format Version 12.00
# Visual Studio 2013
VisualStudioVersion = 12.0.31101.0
MinimumVisualStudioVersion = 10.0.40219.1
Project("{FAE04EC0-301F-11D3-BF4B-00C04F79EFBC}") = "Kon.Voi.WebApp", "WebApp\Kon.Voi.WebApp.csproj", "{1A45E048-4CBF-461D-9CAB-D8C674407699}"
EndProject
Project("{2150E333-8FDC-42A3-9474-1A3956D46DE8}") = "UI", "UI", "{D2D19959-968C-4F15-A0F2-478DC1ED3655}"
EndProject
Project("{2150E333-8FDC-42A3-9474-1A3956D46DE8}") = "Core", "Core", "{5F496393-5AB7-4D8F-8B27-6E130938C47D}"
EndProject
Project("{FAE04EC0-301F-11D3-BF4B-00C04F79EFBC}") = "Kon.Voi.Model", "Kon.Voi.Model\Kon.Voi.Model.csproj", "{20319A1C-DF61-404E-AB93-2E5CCCB111DD}"
EndProject
Project("{FAE04EC0-301F-11D3-BF4B-00C04F79EFBC}") = "Kon.Voi.Math", "Kon.Voi.Math\Kon.Voi.Math.csproj", "{36DB7A36-C480-49C2-9475-7A144E42F77D}"
EndProject
Project("{2150E333-8FDC-42A3-9474-1A3956D46DE8}") = "Tests", "Tests", "{D1E31EBB-86E9-490F-8501-52398FE392D8}"
EndProject
Project("{2150E333-8FDC-42A3-9474-1A3956D46DE8}") = "UnitTests", "UnitTests", "{E56172DB-CC75-4E97-B885-0D72D0BA6A7C}"
EndProject
Project("{FAE04EC0-301F-11D3-BF4B-00C04F79EFBC}") = "Kon.Voi.Math.UnitTests", "Kon.Voi.Math.UnitTests\Kon.Voi.Math.UnitTests.csproj", "{6B4385F5-56B0-4916-A07E-80187C376C69}"
EndProject
Project("{2150E333-8FDC-42A3-9474-1A3956D46DE8}") = "Logic", "Logic", "{3BBF8634-96A1-4FB5-A92D-EE327DA34281}"
EndProject
Project("{FAE04EC0-301F-11D3-BF4B-00C04F79EFBC}") = "Kon.Voi.Workflow", "Kon.Voi.Workflow\Kon.Voi.Workflow.csproj", "{3150D4EA-7A5D-4491-8D72-BA271BF943F8}"
EndProject
Project("{FAE04EC0-301F-11D3-BF4B-00C04F79EFBC}") = "Kon.Voi.WorkflowUnitTests", "Kon.Voi.WorkflowTests\Kon.Voi.WorkflowUnitTests.csproj", "{EFA8ED79-83A8-4F22-ADD0-2536337F47D3}"
EndProject
Project("{2150E333-8FDC-42A3-9474-1A3956D46DE8}") = "IntegrationTests", "IntegrationTests", "{8CC0B547-73C6-4A8B-A359-4A94EC6BC206}"
EndProject
Project("{FAE04EC0-301F-11D3-BF4B-00C04F79EFBC}") = "Kon.Voi.WorkflowIntegrationTests", "Kon.Voi.WorkflowIntegrationTests\Kon.Voi.WorkflowIntegrationTests.csproj", "{62E8D8F9-EE02-487D-90A7-3BAB675587F4}"
EndProject
Global
	GlobalSection(SolutionConfigurationPlatforms) = preSolution
		Debug|Any CPU = Debug|Any CPU
		Release|Any CPU = Release|Any CPU
	EndGlobalSection
	GlobalSection(ProjectConfigurationPlatforms) = postSolution
		{1A45E048-4CBF-461D-9CAB-D8C674407699}.Debug|Any CPU.ActiveCfg = Debug|Any CPU
		{1A45E048-4CBF-461D-9CAB-D8C674407699}.Debug|Any CPU.Build.0 = Debug|Any CPU
		{1A45E048-4CBF-461D-9CAB-D8C674407699}.Release|Any CPU.ActiveCfg = Release|Any CPU
		{1A45E048-4CBF-461D-9CAB-D8C674407699}.Release|Any CPU.Build.0 = Release|Any CPU
		{20319A1C-DF61-404E-AB93-2E5CCCB111DD}.Debug|Any CPU.ActiveCfg = Debug|Any CPU
		{20319A1C-DF61-404E-AB93-2E5CCCB111DD}.Debug|Any CPU.Build.0 = Debug|Any CPU
		{20319A1C-DF61-404E-AB93-2E5CCCB111DD}.Release|Any CPU.ActiveCfg = Release|Any CPU
		{20319A1C-DF61-404E-AB93-2E5CCCB111DD}.Release|Any CPU.Build.0 = Release|Any CPU
		{36DB7A36-C480-49C2-9475-7A144E42F77D}.Debug|Any CPU.ActiveCfg = Debug|Any CPU
		{36DB7A36-C480-49C2-9475-7A144E42F77D}.Debug|Any CPU.Build.0 = Debug|Any CPU
		{36DB7A36-C480-49C2-9475-7A144E42F77D}.Release|Any CPU.ActiveCfg = Release|Any CPU
		{36DB7A36-C480-49C2-9475-7A144E42F77D}.Release|Any CPU.Build.0 = Release|Any CPU
		{6B4385F5-56B0-4916-A07E-80187C376C69}.Debug|Any CPU.ActiveCfg = Debug|Any CPU
		{6B4385F5-56B0-4916-A07E-80187C376C69}.Debug|Any CPU.Build.0 = Debug|Any CPU
		{6B4385F5-56B0-4916-A07E-80187C376C69}.Release|Any CPU.ActiveCfg = Release|Any CPU
		{6B4385F5-56B0-4916-A07E-80187C376C69}.Release|Any CPU.Build.0 = Release|Any CPU
		{3150D4EA-7A5D-4491-8D72-BA271BF943F8}.Debug|Any CPU.ActiveCfg = Debug|Any CPU
		{3150D4EA-7A5D-4491-8D72-BA271BF943F8}.Debug|Any CPU.Build.0 = Debug|Any CPU
		{3150D4EA-7A5D-4491-8D72-BA271BF943F8}.Release|Any CPU.ActiveCfg = Release|Any CPU
		{3150D4EA-7A5D-4491-8D72-BA271BF943F8}.Release|Any CPU.Build.0 = Release|Any CPU
		{EFA8ED79-83A8-4F22-ADD0-2536337F47D3}.Debug|Any CPU.ActiveCfg = Debug|Any CPU
		{EFA8ED79-83A8-4F22-ADD0-2536337F47D3}.Debug|Any CPU.Build.0 = Debug|Any CPU
		{EFA8ED79-83A8-4F22-ADD0-2536337F47D3}.Release|Any CPU.ActiveCfg = Release|Any CPU
		{EFA8ED79-83A8-4F22-ADD0-2536337F47D3}.Release|Any CPU.Build.0 = Release|Any CPU
		{62E8D8F9-EE02-487D-90A7-3BAB675587F4}.Debug|Any CPU.ActiveCfg = Debug|Any CPU
		{62E8D8F9-EE02-487D-90A7-3BAB675587F4}.Debug|Any CPU.Build.0 = Debug|Any CPU
		{62E8D8F9-EE02-487D-90A7-3BAB675587F4}.Release|Any CPU.ActiveCfg = Release|Any CPU
		{62E8D8F9-EE02-487D-90A7-3BAB675587F4}.Release|Any CPU.Build.0 = Release|Any CPU
	EndGlobalSection
	GlobalSection(SolutionProperties) = preSolution
		HideSolutionNode = FALSE
	EndGlobalSection
	GlobalSection(NestedProjects) = preSolution
		{1A45E048-4CBF-461D-9CAB-D8C674407699} = {D2D19959-968C-4F15-A0F2-478DC1ED3655}
		{20319A1C-DF61-404E-AB93-2E5CCCB111DD} = {5F496393-5AB7-4D8F-8B27-6E130938C47D}
		{36DB7A36-C480-49C2-9475-7A144E42F77D} = {5F496393-5AB7-4D8F-8B27-6E130938C47D}
		{E56172DB-CC75-4E97-B885-0D72D0BA6A7C} = {D1E31EBB-86E9-490F-8501-52398FE392D8}
		{6B4385F5-56B0-4916-A07E-80187C376C69} = {E56172DB-CC75-4E97-B885-0D72D0BA6A7C}
		{3150D4EA-7A5D-4491-8D72-BA271BF943F8} = {3BBF8634-96A1-4FB5-A92D-EE327DA34281}
		{EFA8ED79-83A8-4F22-ADD0-2536337F47D3} = {E56172DB-CC75-4E97-B885-0D72D0BA6A7C}
		{8CC0B547-73C6-4A8B-A359-4A94EC6BC206} = {D1E31EBB-86E9-490F-8501-52398FE392D8}
		{62E8D8F9-EE02-487D-90A7-3BAB675587F4} = {8CC0B547-73C6-4A8B-A359-4A94EC6BC206}
	EndGlobalSection
EndGlobal
